
Microsoft Visual Studio Solution File, Format Version 12.00
# Visual Studio Version 17
VisualStudioVersion = 17.14.36408.4 d17.14
MinimumVisualStudioVersion = 10.0.40219.1
Project("{FAE04EC0-301F-11D3-BF4B-00C04F79EFBC}") = "SeaFight.UnoApp", "SeaFight.UnoApp\SeaFight.UnoApp.csproj", "{893B8884-04EA-43E6-A1AC-9CCE7E2779F1}"
EndProject
Project("{2150E333-8FDC-42A3-9474-1A3956D46DE8}") = "Solution Items", "Solution Items", "{36D591C7-65C7-A0D1-1CBC-10CDE441BDC8}"
	ProjectSection(SolutionItems) = preProject
		.gitignore = .gitignore
		Directory.Build.props = Directory.Build.props
		Directory.Build.targets = Directory.Build.targets
		Directory.Packages.props = Directory.Packages.props
		global.json = global.json
	EndProjectSection
EndProject
Project("{FAE04EC0-301F-11D3-BF4B-00C04F79EFBC}") = "SeaFight.API", "..\SeaFight.API\SeaFight.API.csproj", "{7880B0EE-7447-4932-957C-95CDDE88418A}"
EndProject
Project("{FAE04EC0-301F-11D3-BF4B-00C04F79EFBC}") = "SeaFight.Domain", "..\SeaFight.Domain\SeaFight.Domain.csproj", "{B8132CC8-9D71-41E3-B904-9E5AF380BCDD}"
EndProject
Project("{FAE04EC0-301F-11D3-BF4B-00C04F79EFBC}") = "SeaFight.Infrastructure", "..\SeaFight.Infrastructure\SeaFight.Infrastructure.csproj", "{137F28DA-1496-4284-8C34-BFD077E6534E}"
EndProject
Global
	GlobalSection(SolutionConfigurationPlatforms) = preSolution
		Debug|Any CPU = Debug|Any CPU
		Release|Any CPU = Release|Any CPU
	EndGlobalSection
	GlobalSection(ProjectConfigurationPlatforms) = postSolution
		{893B8884-04EA-43E6-A1AC-9CCE7E2779F1}.Debug|Any CPU.ActiveCfg = Debug|Any CPU
		{893B8884-04EA-43E6-A1AC-9CCE7E2779F1}.Debug|Any CPU.Build.0 = Debug|Any CPU
		{893B8884-04EA-43E6-A1AC-9CCE7E2779F1}.Debug|Any CPU.Deploy.0 = Debug|Any CPU
		{893B8884-04EA-43E6-A1AC-9CCE7E2779F1}.Release|Any CPU.ActiveCfg = Release|Any CPU
		{893B8884-04EA-43E6-A1AC-9CCE7E2779F1}.Release|Any CPU.Build.0 = Release|Any CPU
		{893B8884-04EA-43E6-A1AC-9CCE7E2779F1}.Release|Any CPU.Deploy.0 = Release|Any CPU
		{7880B0EE-7447-4932-957C-95CDDE88418A}.Debug|Any CPU.ActiveCfg = Debug|Any CPU
		{7880B0EE-7447-4932-957C-95CDDE88418A}.Debug|Any CPU.Build.0 = Debug|Any CPU
		{7880B0EE-7447-4932-957C-95CDDE88418A}.Release|Any CPU.ActiveCfg = Release|Any CPU
		{7880B0EE-7447-4932-957C-95CDDE88418A}.Release|Any CPU.Build.0 = Release|Any CPU
		{B8132CC8-9D71-41E3-B904-9E5AF380BCDD}.Debug|Any CPU.ActiveCfg = Debug|Any CPU
		{B8132CC8-9D71-41E3-B904-9E5AF380BCDD}.Debug|Any CPU.Build.0 = Debug|Any CPU
		{B8132CC8-9D71-41E3-B904-9E5AF380BCDD}.Release|Any CPU.ActiveCfg = Release|Any CPU
		{B8132CC8-9D71-41E3-B904-9E5AF380BCDD}.Release|Any CPU.Build.0 = Release|Any CPU
		{137F28DA-1496-4284-8C34-BFD077E6534E}.Debug|Any CPU.ActiveCfg = Debug|Any CPU
		{137F28DA-1496-4284-8C34-BFD077E6534E}.Debug|Any CPU.Build.0 = Debug|Any CPU
		{137F28DA-1496-4284-8C34-BFD077E6534E}.Release|Any CPU.ActiveCfg = Release|Any CPU
		{137F28DA-1496-4284-8C34-BFD077E6534E}.Release|Any CPU.Build.0 = Release|Any CPU
	EndGlobalSection
	GlobalSection(SolutionProperties) = preSolution
		HideSolutionNode = FALSE
	EndGlobalSection
	GlobalSection(ExtensibilityGlobals) = postSolution
		SolutionGuid = {7CFA2123-FA34-420C-8EA1-5B75A73C9CB8}
	EndGlobalSection
EndGlobal
